
Microsoft Visual Studio Solution File, Format Version 12.00
# Visual Studio Version 17
VisualStudioVersion = 17.1.32421.90
MinimumVisualStudioVersion = 10.0.40219.1
Project("{FAE04EC0-301F-11D3-BF4B-00C04F79EFBC}") = "Group-Anagrams", "Group-Anagrams\Group-Anagrams.csproj", "{1D21BBE3-1BA8-4DEF-A3B3-EA89B657545D}"
EndProject
Global
	GlobalSection(SolutionConfigurationPlatforms) = preSolution
		Debug|Any CPU = Debug|Any CPU
		Release|Any CPU = Release|Any CPU
	EndGlobalSection
	GlobalSection(ProjectConfigurationPlatforms) = postSolution
		{1D21BBE3-1BA8-4DEF-A3B3-EA89B657545D}.Debug|Any CPU.ActiveCfg = Debug|Any CPU
		{1D21BBE3-1BA8-4DEF-A3B3-EA89B657545D}.Debug|Any CPU.Build.0 = Debug|Any CPU
		{1D21BBE3-1BA8-4DEF-A3B3-EA89B657545D}.Release|Any CPU.ActiveCfg = Release|Any CPU
		{1D21BBE3-1BA8-4DEF-A3B3-EA89B657545D}.Release|Any CPU.Build.0 = Release|Any CPU
	EndGlobalSection
	GlobalSection(SolutionProperties) = preSolution
		HideSolutionNode = FALSE
	EndGlobalSection
	GlobalSection(ExtensibilityGlobals) = postSolution
		SolutionGuid = {63E45694-86FF-490D-B0B0-4DA813B5AB86}
	EndGlobalSection
EndGlobal
