
Microsoft Visual Studio Solution File, Format Version 12.00
# Visual Studio Version 17
VisualStudioVersion = 17.1.32421.90
MinimumVisualStudioVersion = 10.0.40219.1
Project("{FAE04EC0-301F-11D3-BF4B-00C04F79EFBC}") = "voting-for-president", "voting-for-president\voting-for-president.csproj", "{83A55C67-37B5-4538-AA01-B9F15396B6C5}"
EndProject
Global
	GlobalSection(SolutionConfigurationPlatforms) = preSolution
		Debug|Any CPU = Debug|Any CPU
		Release|Any CPU = Release|Any CPU
	EndGlobalSection
	GlobalSection(ProjectConfigurationPlatforms) = postSolution
		{83A55C67-37B5-4538-AA01-B9F15396B6C5}.Debug|Any CPU.ActiveCfg = Debug|Any CPU
		{83A55C67-37B5-4538-AA01-B9F15396B6C5}.Debug|Any CPU.Build.0 = Debug|Any CPU
		{83A55C67-37B5-4538-AA01-B9F15396B6C5}.Release|Any CPU.ActiveCfg = Release|Any CPU
		{83A55C67-37B5-4538-AA01-B9F15396B6C5}.Release|Any CPU.Build.0 = Release|Any CPU
	EndGlobalSection
	GlobalSection(SolutionProperties) = preSolution
		HideSolutionNode = FALSE
	EndGlobalSection
	GlobalSection(ExtensibilityGlobals) = postSolution
		SolutionGuid = {E2DC885C-1851-49B6-8388-69B73D0D3BEB}
	EndGlobalSection
EndGlobal
