
Microsoft Visual Studio Solution File, Format Version 12.00
# Visual Studio Version 17
VisualStudioVersion = 17.1.32421.90
MinimumVisualStudioVersion = 10.0.40219.1
Project("{FAE04EC0-301F-11D3-BF4B-00C04F79EFBC}") = "ConsoleApp1", "ConsoleApp1\ConsoleApp1.csproj", "{BAB49804-0C97-40F0-97CA-A93A2D447530}"
EndProject
Global
	GlobalSection(SolutionConfigurationPlatforms) = preSolution
		Debug|Any CPU = Debug|Any CPU
		Release|Any CPU = Release|Any CPU
	EndGlobalSection
	GlobalSection(ProjectConfigurationPlatforms) = postSolution
		{BAB49804-0C97-40F0-97CA-A93A2D447530}.Debug|Any CPU.ActiveCfg = Debug|Any CPU
		{BAB49804-0C97-40F0-97CA-A93A2D447530}.Debug|Any CPU.Build.0 = Debug|Any CPU
		{BAB49804-0C97-40F0-97CA-A93A2D447530}.Release|Any CPU.ActiveCfg = Release|Any CPU
		{BAB49804-0C97-40F0-97CA-A93A2D447530}.Release|Any CPU.Build.0 = Release|Any CPU
	EndGlobalSection
	GlobalSection(SolutionProperties) = preSolution
		HideSolutionNode = FALSE
	EndGlobalSection
	GlobalSection(ExtensibilityGlobals) = postSolution
		SolutionGuid = {79BC4329-B25E-4C2A-BDEE-75594288EA27}
	EndGlobalSection
EndGlobal
