
Microsoft Visual Studio Solution File, Format Version 12.00
# Visual Studio Version 17
VisualStudioVersion = 17.1.32421.90
MinimumVisualStudioVersion = 10.0.40219.1
Project("{FAE04EC0-301F-11D3-BF4B-00C04F79EFBC}") = "lonelyinteger", "lonelyinteger\lonelyinteger.csproj", "{A0D617E6-677B-4ACC-9D4A-670E80BFF983}"
EndProject
Global
	GlobalSection(SolutionConfigurationPlatforms) = preSolution
		Debug|Any CPU = Debug|Any CPU
		Release|Any CPU = Release|Any CPU
	EndGlobalSection
	GlobalSection(ProjectConfigurationPlatforms) = postSolution
		{A0D617E6-677B-4ACC-9D4A-670E80BFF983}.Debug|Any CPU.ActiveCfg = Debug|Any CPU
		{A0D617E6-677B-4ACC-9D4A-670E80BFF983}.Debug|Any CPU.Build.0 = Debug|Any CPU
		{A0D617E6-677B-4ACC-9D4A-670E80BFF983}.Release|Any CPU.ActiveCfg = Release|Any CPU
		{A0D617E6-677B-4ACC-9D4A-670E80BFF983}.Release|Any CPU.Build.0 = Release|Any CPU
	EndGlobalSection
	GlobalSection(SolutionProperties) = preSolution
		HideSolutionNode = FALSE
	EndGlobalSection
	GlobalSection(ExtensibilityGlobals) = postSolution
		SolutionGuid = {FC46DD93-978F-49D6-A756-D2FA45664250}
	EndGlobalSection
EndGlobal
