
Microsoft Visual Studio Solution File, Format Version 12.00
# Visual Studio Version 17
VisualStudioVersion = 17.1.32421.90
MinimumVisualStudioVersion = 10.0.40219.1
Project("{FAE04EC0-301F-11D3-BF4B-00C04F79EFBC}") = "New-Year-Chaos", "New-Year-Chaos\New-Year-Chaos.csproj", "{D457F130-BD29-4160-9F8B-FB7896E49C44}"
EndProject
Global
	GlobalSection(SolutionConfigurationPlatforms) = preSolution
		Debug|Any CPU = Debug|Any CPU
		Release|Any CPU = Release|Any CPU
	EndGlobalSection
	GlobalSection(ProjectConfigurationPlatforms) = postSolution
		{D457F130-BD29-4160-9F8B-FB7896E49C44}.Debug|Any CPU.ActiveCfg = Debug|Any CPU
		{D457F130-BD29-4160-9F8B-FB7896E49C44}.Debug|Any CPU.Build.0 = Debug|Any CPU
		{D457F130-BD29-4160-9F8B-FB7896E49C44}.Release|Any CPU.ActiveCfg = Release|Any CPU
		{D457F130-BD29-4160-9F8B-FB7896E49C44}.Release|Any CPU.Build.0 = Release|Any CPU
	EndGlobalSection
	GlobalSection(SolutionProperties) = preSolution
		HideSolutionNode = FALSE
	EndGlobalSection
	GlobalSection(ExtensibilityGlobals) = postSolution
		SolutionGuid = {56D3A4D2-92C4-429C-B845-0DAB5833C46E}
	EndGlobalSection
EndGlobal
