
Microsoft Visual Studio Solution File, Format Version 12.00
# Visual Studio Version 17
VisualStudioVersion = 17.1.32421.90
MinimumVisualStudioVersion = 10.0.40219.1
Project("{FAE04EC0-301F-11D3-BF4B-00C04F79EFBC}") = "Time-Conversion", "Time-Conversion\Time-Conversion.csproj", "{01504405-9EAA-4F0F-82B3-F799266B5BFB}"
EndProject
Global
	GlobalSection(SolutionConfigurationPlatforms) = preSolution
		Debug|Any CPU = Debug|Any CPU
		Release|Any CPU = Release|Any CPU
	EndGlobalSection
	GlobalSection(ProjectConfigurationPlatforms) = postSolution
		{01504405-9EAA-4F0F-82B3-F799266B5BFB}.Debug|Any CPU.ActiveCfg = Debug|Any CPU
		{01504405-9EAA-4F0F-82B3-F799266B5BFB}.Debug|Any CPU.Build.0 = Debug|Any CPU
		{01504405-9EAA-4F0F-82B3-F799266B5BFB}.Release|Any CPU.ActiveCfg = Release|Any CPU
		{01504405-9EAA-4F0F-82B3-F799266B5BFB}.Release|Any CPU.Build.0 = Release|Any CPU
	EndGlobalSection
	GlobalSection(SolutionProperties) = preSolution
		HideSolutionNode = FALSE
	EndGlobalSection
	GlobalSection(ExtensibilityGlobals) = postSolution
		SolutionGuid = {6E78FE83-0FFC-49D7-934D-B3B71F7F9193}
	EndGlobalSection
EndGlobal
