
Microsoft Visual Studio Solution File, Format Version 12.00
# Visual Studio Version 17
VisualStudioVersion = 17.1.32421.90
MinimumVisualStudioVersion = 10.0.40219.1
Project("{FAE04EC0-301F-11D3-BF4B-00C04F79EFBC}") = "Simple-Text-Editor", "Simple-Text-Editor\Simple-Text-Editor.csproj", "{2BE26721-CC24-42B0-ACD3-94BB71D30F2B}"
EndProject
Global
	GlobalSection(SolutionConfigurationPlatforms) = preSolution
		Debug|Any CPU = Debug|Any CPU
		Release|Any CPU = Release|Any CPU
	EndGlobalSection
	GlobalSection(ProjectConfigurationPlatforms) = postSolution
		{2BE26721-CC24-42B0-ACD3-94BB71D30F2B}.Debug|Any CPU.ActiveCfg = Debug|Any CPU
		{2BE26721-CC24-42B0-ACD3-94BB71D30F2B}.Debug|Any CPU.Build.0 = Debug|Any CPU
		{2BE26721-CC24-42B0-ACD3-94BB71D30F2B}.Release|Any CPU.ActiveCfg = Release|Any CPU
		{2BE26721-CC24-42B0-ACD3-94BB71D30F2B}.Release|Any CPU.Build.0 = Release|Any CPU
	EndGlobalSection
	GlobalSection(SolutionProperties) = preSolution
		HideSolutionNode = FALSE
	EndGlobalSection
	GlobalSection(ExtensibilityGlobals) = postSolution
		SolutionGuid = {23C980CE-A53A-48CE-A2F7-CD9FEF8C8641}
	EndGlobalSection
EndGlobal
