
Microsoft Visual Studio Solution File, Format Version 12.00
# Visual Studio Version 17
VisualStudioVersion = 17.1.32421.90
MinimumVisualStudioVersion = 10.0.40219.1
Project("{FAE04EC0-301F-11D3-BF4B-00C04F79EFBC}") = "Insert-node-specific-position-linked-list", "Insert-node-specific-position-linked-list\Insert-node-specific-position-linked-list.csproj", "{AAB31563-39FC-44F0-A3CB-BE0A43FCBAC3}"
EndProject
Global
	GlobalSection(SolutionConfigurationPlatforms) = preSolution
		Debug|Any CPU = Debug|Any CPU
		Release|Any CPU = Release|Any CPU
	EndGlobalSection
	GlobalSection(ProjectConfigurationPlatforms) = postSolution
		{AAB31563-39FC-44F0-A3CB-BE0A43FCBAC3}.Debug|Any CPU.ActiveCfg = Debug|Any CPU
		{AAB31563-39FC-44F0-A3CB-BE0A43FCBAC3}.Debug|Any CPU.Build.0 = Debug|Any CPU
		{AAB31563-39FC-44F0-A3CB-BE0A43FCBAC3}.Release|Any CPU.ActiveCfg = Release|Any CPU
		{AAB31563-39FC-44F0-A3CB-BE0A43FCBAC3}.Release|Any CPU.Build.0 = Release|Any CPU
	EndGlobalSection
	GlobalSection(SolutionProperties) = preSolution
		HideSolutionNode = FALSE
	EndGlobalSection
	GlobalSection(ExtensibilityGlobals) = postSolution
		SolutionGuid = {FBE53A61-8BE4-4BA9-B931-991892BDA04D}
	EndGlobalSection
EndGlobal
